
Microsoft Visual Studio Solution File, Format Version 12.00
# Visual Studio Version 17
VisualStudioVersion = 17.4.33205.214
MinimumVisualStudioVersion = 10.0.40219.1
Project("{9A19103F-16F7-4668-BE54-9A1E7A4F7556}") = "RasArbitrWPF", "RasArbitrWPF.csproj", "{4992AE4E-A78A-40A7-B471-C16FEC0626F0}"
EndProject
Global
	GlobalSection(SolutionConfigurationPlatforms) = preSolution
		Debug|Any CPU = Debug|Any CPU
		Release|Any CPU = Release|Any CPU
	EndGlobalSection
	GlobalSection(ProjectConfigurationPlatforms) = postSolution
		{4992AE4E-A78A-40A7-B471-C16FEC0626F0}.Debug|Any CPU.ActiveCfg = Debug|Any CPU
		{4992AE4E-A78A-40A7-B471-C16FEC0626F0}.Debug|Any CPU.Build.0 = Debug|Any CPU
		{4992AE4E-A78A-40A7-B471-C16FEC0626F0}.Release|Any CPU.ActiveCfg = Release|Any CPU
		{4992AE4E-A78A-40A7-B471-C16FEC0626F0}.Release|Any CPU.Build.0 = Release|Any CPU
	EndGlobalSection
	GlobalSection(SolutionProperties) = preSolution
		HideSolutionNode = FALSE
	EndGlobalSection
	GlobalSection(ExtensibilityGlobals) = postSolution
		SolutionGuid = {6556483D-70FF-4732-9595-31A483F012E3}
	EndGlobalSection
EndGlobal
